{
  "name": "food_for_you",
  "version": "1.0.0",
  "lockfileVersion": 1,
  "requires": true,
  "dependencies": {
    "amazon-cognito-auth-js": {
      "version": "1.2.4",
      "resolved": "https://registry.npmjs.org/amazon-cognito-auth-js/-/amazon-cognito-auth-js-1.2.4.tgz",
      "integrity": "sha512-Walq6lIHB+MBOEfg0RBezURTDBKvUO4H9xpW2DBLZT3aDTF+p8awKHe2AujdHYItkefOhdjwu4GqjFgo4RkG+A==",
      "requires": {
        "js-cookie": "^2.1.4"
      }
    },
    "jquery": {
      "version": "3.3.1",
      "resolved": "https://registry.npmjs.org/jquery/-/jquery-3.3.1.tgz",
      "integrity": "sha512-Ubldcmxp5np52/ENotGxlLe6aGMvmF4R8S6tZjsP6Knsaxd/xp3Zrh50cG93lR6nPXyUFwzN3ZSOQI0wRJNdGg=="
    },
    "js-cookie": {
      "version": "2.2.0",
      "resolved": "https://registry.npmjs.org/js-cookie/-/js-cookie-2.2.0.tgz",
      "integrity": "sha1-Gywnmm7s44ChIWi5JIUmWzWx7/s="
    }
  }
}
